{
  "name": "whatsapp-bulk-bot",
  "version": "1.0.0",
  "lockfileVersion": 3,
  "requires": true,
  "packages": {
    "": {
      "name": "whatsapp-bulk-bot",
      "version": "1.0.0",
      "license": "MIT",
      "dependencies": {
        "whatsapp-web.js": "^1.23.0",
        "node-telegram-bot-api": "^0.64.0",
        "qrcode": "^1.5.3",
        "express": "^4.18.2",
        "puppeteer": "^21.0.0"
      },
      "engines": {
        "node": ">=18.0.0"
      }
    }
  }
}
